PODS:
  - Capacitor (8.1.0):
    - CapacitorCordova
  - CapacitorApp (8.0.0):
    - Capacitor
  - CapacitorCommunityInAppReview (8.0.0):
    - Capacitor
  - CapacitorCommunitySqlite (8.0.0):
    - Capacitor
    - SQLCipher
    - ZIPFoundation
  - CapacitorCordova (8.1.0)
  - CapacitorDialog (8.0.0):
    - Capacitor
  - CapacitorFilesystem (8.1.1):
    - Capacitor
    - IONFilesystemLib (~> 1.1.0)
  - CapacitorGeolocation (8.1.0):
    - Capacitor
    - IONGeolocationLib (= 2.0.0)
  - CapacitorKeyboard (8.0.0):
    - Capacitor
  - CapacitorLocalNotifications (8.0.0):
    - Capacitor
  - CapacitorNativeSettings (8.0.0):
    - Capacitor
  - CapacitorShare (8.0.0):
    - Capacitor
  - CapacitorSplashScreen (8.0.0):
    - Capacitor
  - CapacitorStatusBar (8.0.0):
    - Capacitor
  - CapacitorToast (8.0.0):
    - Capacitor
  - IONFilesystemLib (1.1.0)
  - IONGeolocationLib (2.0.0)
  - SQLCipher (4.10.0):
    - SQLCipher/standard (= 4.10.0)
  - SQLCipher/common (4.10.0)
  - SQLCipher/standard (4.10.0):
    - SQLCipher/common
  - ZIPFoundation (0.9.20)

DEPENDENCIES:
  - "Capacitor (from `../../node_modules/@capacitor/ios`)"
  - "CapacitorApp (from `../../node_modules/@capacitor/app`)"
  - "CapacitorCommunityInAppReview (from `../../node_modules/@capacitor-community/in-app-review`)"
  - "CapacitorCommunitySqlite (from `../../node_modules/@capacitor-community/sqlite`)"
  - "CapacitorCordova (from `../../node_modules/@capacitor/ios`)"
  - "CapacitorDialog (from `../../node_modules/@capacitor/dialog`)"
  - "CapacitorFilesystem (from `../../node_modules/@capacitor/filesystem`)"
  - "CapacitorGeolocation (from `../../node_modules/@capacitor/geolocation`)"
  - "CapacitorKeyboard (from `../../node_modules/@capacitor/keyboard`)"
  - "CapacitorLocalNotifications (from `../../node_modules/@capacitor/local-notifications`)"
  - CapacitorNativeSettings (from `../../node_modules/capacitor-native-settings`)
  - "CapacitorShare (from `../../node_modules/@capacitor/share`)"
  - "CapacitorSplashScreen (from `../../node_modules/@capacitor/splash-screen`)"
  - "CapacitorStatusBar (from `../../node_modules/@capacitor/status-bar`)"
  - "CapacitorToast (from `../../node_modules/@capacitor/toast`)"

SPEC REPOS:
  trunk:
    - IONFilesystemLib
    - IONGeolocationLib
    - SQLCipher
    - ZIPFoundation

EXTERNAL SOURCES:
  Capacitor:
    :path: "../../node_modules/@capacitor/ios"
  CapacitorApp:
    :path: "../../node_modules/@capacitor/app"
  CapacitorCommunityInAppReview:
    :path: "../../node_modules/@capacitor-community/in-app-review"
  CapacitorCommunitySqlite:
    :path: "../../node_modules/@capacitor-community/sqlite"
  CapacitorCordova:
    :path: "../../node_modules/@capacitor/ios"
  CapacitorDialog:
    :path: "../../node_modules/@capacitor/dialog"
  CapacitorFilesystem:
    :path: "../../node_modules/@capacitor/filesystem"
  CapacitorGeolocation:
    :path: "../../node_modules/@capacitor/geolocation"
  CapacitorKeyboard:
    :path: "../../node_modules/@capacitor/keyboard"
  CapacitorLocalNotifications:
    :path: "../../node_modules/@capacitor/local-notifications"
  CapacitorNativeSettings:
    :path: "../../node_modules/capacitor-native-settings"
  CapacitorShare:
    :path: "../../node_modules/@capacitor/share"
  CapacitorSplashScreen:
    :path: "../../node_modules/@capacitor/splash-screen"
  CapacitorStatusBar:
    :path: "../../node_modules/@capacitor/status-bar"
  CapacitorToast:
    :path: "../../node_modules/@capacitor/toast"

SPEC CHECKSUMS:
  Capacitor: 830fc6ff88e99bb5ba48350f02c01ab01ba3b2b8
  CapacitorApp: cfa0120a1f3a6f69d4d37d3041782aa5c5167d0b
  CapacitorCommunityInAppReview: 2a4296ea3e7e4799a87340bd1161c173bd22f3bd
  CapacitorCommunitySqlite: 618bf60537d8a455c65abc39af94d1e735cb6fe3
  CapacitorCordova: e8b76fd95fc1e157775abc484c59cc0de464095d
  CapacitorDialog: c4d52ac6a863f8093f9d815b19584c644bdfe98c
  CapacitorFilesystem: e7d12e8146659fc5f155fc6e619362b669b10f3a
  CapacitorGeolocation: a2009727714adfa58bf093300b15856aa59e4b7a
  CapacitorKeyboard: 0a2e7c0635ccf3db60abed14bd6f35147ce25942
  CapacitorLocalNotifications: b0003a1b69c95badd88f9cb56b1965ace20eb346
  CapacitorNativeSettings: 72809f6bb84b8649cced16b2423b3b67e6be05cd
  CapacitorShare: 703a2744f755982f1a4950f5120bea9763d6dfea
  CapacitorSplashScreen: 4b78177a21f0f73ccc1c78dd93b2a94854ac4b83
  CapacitorStatusBar: c6fa2d404083e41d145ea56698707a6986d4428b
  CapacitorToast: 6275c84283ac9c424a20554e71b8a6263f44554c
  IONFilesystemLib: 50b9a0f3052a9b40b9bedb43f328a8fe222f9f87
  IONGeolocationLib: a5e40b54edc2ee9902036eda5aaa41ddf07bb68d
  SQLCipher: eb79c64049cb002b4e9fcb30edb7979bf4706dfc
  ZIPFoundation: dfd3d681c4053ff7e2f7350bc4e53b5dba3f5351

PODFILE CHECKSUM: ceeda2cbefe1869b9ac132110fc574a55152018b

COCOAPODS: 1.15.2
